
Microsoft Visual Studio Solution File, Format Version 12.00
# Visual Studio Version 16
VisualStudioVersion = 16.0.29820.132
MinimumVisualStudioVersion = 10.0.40219.1
Project("{9A19103F-16F7-4668-BE54-9A1E7A4F7556}") = "WeatherWars.Server", "Server\WeatherWars.Server.csproj", "{443C8B9A-B837-49DE-A8E5-F6B62E2ED844}"
EndProject
Project("{9A19103F-16F7-4668-BE54-9A1E7A4F7556}") = "WeatherWars.Client", "Client\WeatherWars.Client.csproj", "{F79E832A-712E-4390-99BF-B72BCDD42422}"
EndProject
Project("{9A19103F-16F7-4668-BE54-9A1E7A4F7556}") = "WeatherWars.Shared", "Shared\WeatherWars.Shared.csproj", "{77C0DADD-2D2B-4330-9612-A92AB6DC96E8}"
EndProject
Project("{9A19103F-16F7-4668-BE54-9A1E7A4F7556}") = "WeatherClientLib", "WeatherClientLib\WeatherClientLib.csproj", "{E4649AC5-A281-45DA-89B0-37F6648EC8DE}"
EndProject
Global
	GlobalSection(SolutionConfigurationPlatforms) = preSolution
		Debug|Any CPU = Debug|Any CPU
		Release|Any CPU = Release|Any CPU
	EndGlobalSection
	GlobalSection(ProjectConfigurationPlatforms) = postSolution
		{443C8B9A-B837-49DE-A8E5-F6B62E2ED844}.Debug|Any CPU.ActiveCfg = Debug|Any CPU
		{443C8B9A-B837-49DE-A8E5-F6B62E2ED844}.Debug|Any CPU.Build.0 = Debug|Any CPU
		{443C8B9A-B837-49DE-A8E5-F6B62E2ED844}.Release|Any CPU.ActiveCfg = Release|Any CPU
		{443C8B9A-B837-49DE-A8E5-F6B62E2ED844}.Release|Any CPU.Build.0 = Release|Any CPU
		{F79E832A-712E-4390-99BF-B72BCDD42422}.Debug|Any CPU.ActiveCfg = Debug|Any CPU
		{F79E832A-712E-4390-99BF-B72BCDD42422}.Debug|Any CPU.Build.0 = Debug|Any CPU
		{F79E832A-712E-4390-99BF-B72BCDD42422}.Release|Any CPU.ActiveCfg = Release|Any CPU
		{F79E832A-712E-4390-99BF-B72BCDD42422}.Release|Any CPU.Build.0 = Release|Any CPU
		{77C0DADD-2D2B-4330-9612-A92AB6DC96E8}.Debug|Any CPU.ActiveCfg = Debug|Any CPU
		{77C0DADD-2D2B-4330-9612-A92AB6DC96E8}.Debug|Any CPU.Build.0 = Debug|Any CPU
		{77C0DADD-2D2B-4330-9612-A92AB6DC96E8}.Release|Any CPU.ActiveCfg = Release|Any CPU
		{77C0DADD-2D2B-4330-9612-A92AB6DC96E8}.Release|Any CPU.Build.0 = Release|Any CPU
		{E4649AC5-A281-45DA-89B0-37F6648EC8DE}.Debug|Any CPU.ActiveCfg = Debug|Any CPU
		{E4649AC5-A281-45DA-89B0-37F6648EC8DE}.Debug|Any CPU.Build.0 = Debug|Any CPU
		{E4649AC5-A281-45DA-89B0-37F6648EC8DE}.Release|Any CPU.ActiveCfg = Release|Any CPU
		{E4649AC5-A281-45DA-89B0-37F6648EC8DE}.Release|Any CPU.Build.0 = Release|Any CPU
	EndGlobalSection
	GlobalSection(SolutionProperties) = preSolution
		HideSolutionNode = FALSE
	EndGlobalSection
	GlobalSection(ExtensibilityGlobals) = postSolution
		SolutionGuid = {911E772F-EEFA-408B-BBCF-2AB8E15F037E}
	EndGlobalSection
EndGlobal
